
Microsoft Visual Studio Solution File, Format Version 12.00
# Visual Studio 15
VisualStudioVersion = 15.0.27130.2036
MinimumVisualStudioVersion = 10.0.40219.1
Project("{FAE04EC0-301F-11D3-BF4B-00C04F79EFBC}") = "XML_Manipulation", "XML_Manipulation\XML_Manipulation.csproj", "{DCC1875D-16A4-4D20-80F9-0C9BD3ADD3EE}"
EndProject
Global
	GlobalSection(SolutionConfigurationPlatforms) = preSolution
		Debug|Any CPU = Debug|Any CPU
		Release|Any CPU = Release|Any CPU
	EndGlobalSection
	GlobalSection(ProjectConfigurationPlatforms) = postSolution
		{DCC1875D-16A4-4D20-80F9-0C9BD3ADD3EE}.Debug|Any CPU.ActiveCfg = Debug|Any CPU
		{DCC1875D-16A4-4D20-80F9-0C9BD3ADD3EE}.Debug|Any CPU.Build.0 = Debug|Any CPU
		{DCC1875D-16A4-4D20-80F9-0C9BD3ADD3EE}.Release|Any CPU.ActiveCfg = Release|Any CPU
		{DCC1875D-16A4-4D20-80F9-0C9BD3ADD3EE}.Release|Any CPU.Build.0 = Release|Any CPU
	EndGlobalSection
	GlobalSection(SolutionProperties) = preSolution
		HideSolutionNode = FALSE
	EndGlobalSection
	GlobalSection(ExtensibilityGlobals) = postSolution
		SolutionGuid = {770DFBD2-AB8B-436B-A657-093B14664CE1}
	EndGlobalSection
EndGlobal
